
Microsoft Visual Studio Solution File, Format Version 12.00
# Visual Studio 14
VisualStudioVersion = 14.0.25420.1
MinimumVisualStudioVersion = 10.0.40219.1
Project("{54435603-DBB4-11D2-8724-00A0C9A8B90C}") = "NineTapTourSetup", "NineTapTourSetup.vdproj", "{C49F18E9-7DA3-48E2-9C95-EC185FFF486C}"
EndProject
Global
	GlobalSection(SolutionConfigurationPlatforms) = preSolution
		Debug|Default = Debug|Default
		Release|Default = Release|Default
	EndGlobalSection
	GlobalSection(ProjectConfigurationPlatforms) = postSolution
		{C49F18E9-7DA3-48E2-9C95-EC185FFF486C}.Debug|Default.ActiveCfg = Debug
		{C49F18E9-7DA3-48E2-9C95-EC185FFF486C}.Debug|Default.Build.0 = Debug
		{C49F18E9-7DA3-48E2-9C95-EC185FFF486C}.Release|Default.ActiveCfg = Release
		{C49F18E9-7DA3-48E2-9C95-EC185FFF486C}.Release|Default.Build.0 = Release
	EndGlobalSection
	GlobalSection(SolutionProperties) = preSolution
		HideSolutionNode = FALSE
	EndGlobalSection
EndGlobal
