
Microsoft Visual Studio Solution File, Format Version 12.00
# Visual Studio 15
VisualStudioVersion = 15.0.27130.2036
MinimumVisualStudioVersion = 10.0.40219.1
Project("{FAE04EC0-301F-11D3-BF4B-00C04F79EFBC}") = "NineTapTour", "NineTapTour\NineTapTour.csproj", "{A8E1E43E-173C-46BC-8C7A-2E95D37086DB}"
EndProject
Project("{FAE04EC0-301F-11D3-BF4B-00C04F79EFBC}") = "NineTapTourTests", "NineTapTourTests\NineTapTourTests.csproj", "{AF0B80EF-1CC4-4691-B26B-D94FC8D00B8D}"
EndProject
Global
	GlobalSection(SolutionConfigurationPlatforms) = preSolution
		Debug|Any CPU = Debug|Any CPU
		Debug|x86 = Debug|x86
		Release|Any CPU = Release|Any CPU
		Release|x86 = Release|x86
	EndGlobalSection
	GlobalSection(ProjectConfigurationPlatforms) = postSolution
		{A8E1E43E-173C-46BC-8C7A-2E95D37086DB}.Debug|Any CPU.ActiveCfg = Debug|Any CPU
		{A8E1E43E-173C-46BC-8C7A-2E95D37086DB}.Debug|Any CPU.Build.0 = Debug|Any CPU
		{A8E1E43E-173C-46BC-8C7A-2E95D37086DB}.Debug|x86.ActiveCfg = Debug|Any CPU
		{A8E1E43E-173C-46BC-8C7A-2E95D37086DB}.Debug|x86.Build.0 = Debug|Any CPU
		{A8E1E43E-173C-46BC-8C7A-2E95D37086DB}.Release|Any CPU.ActiveCfg = Release|Any CPU
		{A8E1E43E-173C-46BC-8C7A-2E95D37086DB}.Release|Any CPU.Build.0 = Release|Any CPU
		{A8E1E43E-173C-46BC-8C7A-2E95D37086DB}.Release|x86.ActiveCfg = Release|Any CPU
		{A8E1E43E-173C-46BC-8C7A-2E95D37086DB}.Release|x86.Build.0 = Release|Any CPU
		{AF0B80EF-1CC4-4691-B26B-D94FC8D00B8D}.Debug|Any CPU.ActiveCfg = Debug|Any CPU
		{AF0B80EF-1CC4-4691-B26B-D94FC8D00B8D}.Debug|Any CPU.Build.0 = Debug|Any CPU
		{AF0B80EF-1CC4-4691-B26B-D94FC8D00B8D}.Debug|x86.ActiveCfg = Debug|Any CPU
		{AF0B80EF-1CC4-4691-B26B-D94FC8D00B8D}.Debug|x86.Build.0 = Debug|Any CPU
		{AF0B80EF-1CC4-4691-B26B-D94FC8D00B8D}.Release|Any CPU.ActiveCfg = Release|Any CPU
		{AF0B80EF-1CC4-4691-B26B-D94FC8D00B8D}.Release|Any CPU.Build.0 = Release|Any CPU
		{AF0B80EF-1CC4-4691-B26B-D94FC8D00B8D}.Release|x86.ActiveCfg = Release|Any CPU
		{AF0B80EF-1CC4-4691-B26B-D94FC8D00B8D}.Release|x86.Build.0 = Release|Any CPU
	EndGlobalSection
	GlobalSection(SolutionProperties) = preSolution
		HideSolutionNode = FALSE
	EndGlobalSection
	GlobalSection(ExtensibilityGlobals) = postSolution
		SolutionGuid = {CC2C9FF3-BA33-4837-8EEC-E4CB5733FD98}
	EndGlobalSection
EndGlobal
